# Generated by pub
# See https://dart.dev/tools/pub/glossary#lockfile
packages:
  archive:
    dependency: transitive
    description:
      name: archive
      sha256: cb6a278ef2dbb298455e1a713bda08524a175630ec643a242c399c932a0a1f7d
      url: "https://pub.flutter-io.cn"
    source: hosted
    version: "3.6.1"
  args:
    dependency: transitive
    description:
      name: args
      sha256: bf9f5caeea8d8fe6721a9c358dd8a5c1947b27f1cfaa18b39c301273594919e6
      url: "https://pub.flutter-io.cn"
    source: hosted
    version: "2.6.0"
  async:
    dependency: transitive
    description:
      name: async
      sha256: d2872f9c19731c2e5f10444b14686eb7cc85c76274bd6c16e1816bff9a3bab63
      url: "https://pub.flutter-io.cn"
    source: hosted
    version: "2.12.0"
  boolean_selector:
    dependency: transitive
    description:
      name: boolean_selector
      sha256: "8aab1771e1243a5063b8b0ff68042d67334e3feab9e95b9490f9a6ebf73b42ea"
      url: "https://pub.flutter-io.cn"
    source: hosted
    version: "2.1.2"
  bot_toast:
    dependency: "direct main"
    description:
      name: bot_toast
      sha256: "6b93030a99a98335b8827ecd83021e92e885ffc61d261d3825ffdecdd17f3bdf"
      url: "https://pub.flutter-io.cn"
    source: hosted
    version: "4.1.3"
  characters:
    dependency: transitive
    description:
      name: characters
      sha256: f71061c654a3380576a52b451dd5532377954cf9dbd272a78fc8479606670803
      url: "https://pub.flutter-io.cn"
    source: hosted
    version: "1.4.0"
  city_pickers:
    dependency: "direct main"
    description:
      name: city_pickers
      sha256: "583102c8d9eecb1f7abc5ff52a22d7cb019b9808cdb24b80c7692c769f8da153"
      url: "https://pub.flutter-io.cn"
    source: hosted
    version: "1.3.0"
  cli_util:
    dependency: transitive
    description:
      name: cli_util
      sha256: ff6785f7e9e3c38ac98b2fb035701789de90154024a75b6cb926445e83197d1c
      url: "https://pub.flutter-io.cn"
    source: hosted
    version: "0.4.2"
  clock:
    dependency: transitive
    description:
      name: clock
      sha256: fddb70d9b5277016c77a80201021d40a2247104d9f4aa7bab7157b7e3f05b84b
      url: "https://pub.flutter-io.cn"
    source: hosted
    version: "1.1.2"
  collection:
    dependency: transitive
    description:
      name: collection
      sha256: "2f5709ae4d3d59dd8f7cd309b4e023046b57d8a6c82130785d2b0e5868084e76"
      url: "https://pub.flutter-io.cn"
    source: hosted
    version: "1.19.1"
  console:
    dependency: transitive
    description:
      name: console
      sha256: e04e7824384c5b39389acdd6dc7d33f3efe6b232f6f16d7626f194f6a01ad69a
      url: "https://pub.flutter-io.cn"
    source: hosted
    version: "4.1.0"
  cross_file:
    dependency: transitive
    description:
      name: cross_file
      sha256: "7caf6a750a0c04effbb52a676dce9a4a592e10ad35c34d6d2d0e4811160d5670"
      url: "https://pub.flutter-io.cn"
    source: hosted
    version: "0.3.4+2"
  crypto:
    dependency: transitive
    description:
      name: crypto
      sha256: "1e445881f28f22d6140f181e07737b22f1e099a5e1ff94b0af2f9e4a463f4855"
      url: "https://pub.flutter-io.cn"
    source: hosted
    version: "3.0.6"
  csslib:
    dependency: transitive
    description:
      name: csslib
      sha256: "09bad715f418841f976c77db72d5398dc1253c21fb9c0c7f0b0b985860b2d58e"
      url: "https://pub.flutter-io.cn"
    source: hosted
    version: "1.0.2"
  cupertino_icons:
    dependency: "direct main"
    description:
      name: cupertino_icons
      sha256: ba631d1c7f7bef6b729a622b7b752645a2d076dba9976925b8f25725a30e1ee6
      url: "https://pub.flutter-io.cn"
    source: hosted
    version: "1.0.8"
  diff_match_patch:
    dependency: transitive
    description:
      name: diff_match_patch
      sha256: "2efc9e6e8f449d0abe15be240e2c2a3bcd977c8d126cfd70598aee60af35c0a4"
      url: "https://pub.flutter-io.cn"
    source: hosted
    version: "0.4.1"
  dio:
    dependency: "direct main"
    description:
      name: dio
      sha256: "5598aa796bbf4699afd5c67c0f5f6e2ed542afc956884b9cd58c306966efc260"
      url: "https://pub.flutter-io.cn"
    source: hosted
    version: "5.7.0"
  dio_web_adapter:
    dependency: transitive
    description:
      name: dio_web_adapter
      sha256: "33259a9276d6cea88774a0000cfae0d861003497755969c92faa223108620dc8"
      url: "https://pub.flutter-io.cn"
    source: hosted
    version: "2.0.0"
  easy_image_viewer:
    dependency: "direct main"
    description:
      name: easy_image_viewer
      sha256: fb6cb123c3605552cc91150dcdb50ca977001dcddfb71d20caa0c5edc9a80947
      url: "https://pub.flutter-io.cn"
    source: hosted
    version: "1.5.1"
  equatable:
    dependency: transitive
    description:
      name: equatable
      sha256: "567c64b3cb4cf82397aac55f4f0cbd3ca20d77c6c03bedbc4ceaddc08904aef7"
      url: "https://pub.flutter-io.cn"
    source: hosted
    version: "2.0.7"
  fake_async:
    dependency: transitive
    description:
      name: fake_async
      sha256: "6a95e56b2449df2273fd8c45a662d6947ce1ebb7aafe80e550a3f68297f3cacc"
      url: "https://pub.flutter-io.cn"
    source: hosted
    version: "1.3.2"
  ffi:
    dependency: transitive
    description:
      name: ffi
      sha256: "16ed7b077ef01ad6170a3d0c57caa4a112a38d7a2ed5602e0aca9ca6f3d98da6"
      url: "https://pub.flutter-io.cn"
    source: hosted
    version: "2.1.3"
  file:
    dependency: transitive
    description:
      name: file
      sha256: a3b4f84adafef897088c160faf7dfffb7696046cb13ae90b508c2cbc95d3b8d4
      url: "https://pub.flutter-io.cn"
    source: hosted
    version: "7.0.1"
  file_selector:
    dependency: "direct main"
    description:
      name: file_selector
      sha256: "5019692b593455127794d5718304ff1ae15447dea286cdda9f0db2a796a1b828"
      url: "https://pub.flutter-io.cn"
    source: hosted
    version: "1.0.3"
  file_selector_android:
    dependency: transitive
    description:
      name: file_selector_android
      sha256: "77f23eb5916fd0875946720d1f286f809a28a867d4882db6ac2cf053e2d5f7c6"
      url: "https://pub.flutter-io.cn"
    source: hosted
    version: "0.5.1+6"
  file_selector_ios:
    dependency: transitive
    description:
      name: file_selector_ios
      sha256: "94b98ad950b8d40d96fee8fa88640c2e4bd8afcdd4817993bd04e20310f45420"
      url: "https://pub.flutter-io.cn"
    source: hosted
    version: "0.5.3+1"
  file_selector_linux:
    dependency: transitive
    description:
      name: file_selector_linux
      sha256: "54cbbd957e1156d29548c7d9b9ec0c0ebb6de0a90452198683a7d23aed617a33"
      url: "https://pub.flutter-io.cn"
    source: hosted
    version: "0.9.3+2"
  file_selector_macos:
    dependency: transitive
    description:
      name: file_selector_macos
      sha256: "271ab9986df0c135d45c3cdb6bd0faa5db6f4976d3e4b437cf7d0f258d941bfc"
      url: "https://pub.flutter-io.cn"
    source: hosted
    version: "0.9.4+2"
  file_selector_platform_interface:
    dependency: transitive
    description:
      name: file_selector_platform_interface
      sha256: a3994c26f10378a039faa11de174d7b78eb8f79e4dd0af2a451410c1a5c3f66b
      url: "https://pub.flutter-io.cn"
    source: hosted
    version: "2.6.2"
  file_selector_web:
    dependency: transitive
    description:
      name: file_selector_web
      sha256: c4c0ea4224d97a60a7067eca0c8fd419e708ff830e0c83b11a48faf566cec3e7
      url: "https://pub.flutter-io.cn"
    source: hosted
    version: "0.9.4+2"
  file_selector_windows:
    dependency: transitive
    description:
      name: file_selector_windows
      sha256: "8f5d2f6590d51ecd9179ba39c64f722edc15226cc93dcc8698466ad36a4a85a4"
      url: "https://pub.flutter-io.cn"
    source: hosted
    version: "0.9.3+3"
  fl_chart:
    dependency: "direct main"
    description:
      name: fl_chart
      sha256: d0f0d49112f2f4b192481c16d05b6418bd7820e021e265a3c22db98acf7ed7fb
      url: "https://pub.flutter-io.cn"
    source: hosted
    version: "0.68.0"
  fleather:
    dependency: "direct main"
    description:
      name: fleather
      sha256: "622231d66508fd2f481824134e0e4e539168f20a5ec513c8c6246f5b8c8240da"
      url: "https://pub.flutter-io.cn"
    source: hosted
    version: "1.19.0"
  flutter:
    dependency: "direct main"
    description: flutter
    source: sdk
    version: "0.0.0"
  flutter_animate:
    dependency: "direct main"
    description:
      name: flutter_animate
      sha256: "7befe2d3252728afb77aecaaea1dec88a89d35b9b1d2eea6d04479e8af9117b5"
      url: "https://pub.flutter-io.cn"
    source: hosted
    version: "4.5.2"
  flutter_lints:
    dependency: "direct dev"
    description:
      name: flutter_lints
      sha256: "5398f14efa795ffb7a33e9b6a08798b26a180edac4ad7db3f231e40f82ce11e1"
      url: "https://pub.flutter-io.cn"
    source: hosted
    version: "5.0.0"
  flutter_localizations:
    dependency: "direct main"
    description: flutter
    source: sdk
    version: "0.0.0"
  flutter_plugin_android_lifecycle:
    dependency: transitive
    description:
      name: flutter_plugin_android_lifecycle
      sha256: "9ee02950848f61c4129af3d6ec84a1cfc0e47931abc746b03e7a3bc3e8ff6eda"
      url: "https://pub.flutter-io.cn"
    source: hosted
    version: "2.0.22"
  flutter_shaders:
    dependency: transitive
    description:
      name: flutter_shaders
      sha256: "34794acadd8275d971e02df03afee3dee0f98dbfb8c4837082ad0034f612a3e2"
      url: "https://pub.flutter-io.cn"
    source: hosted
    version: "0.1.3"
  flutter_staggered_grid_view:
    dependency: transitive
    description:
      name: flutter_staggered_grid_view
      sha256: "19e7abb550c96fbfeb546b23f3ff356ee7c59a019a651f8f102a4ba9b7349395"
      url: "https://pub.flutter-io.cn"
    source: hosted
    version: "0.7.0"
  flutter_test:
    dependency: "direct dev"
    description: flutter
    source: sdk
    version: "0.0.0"
  flutter_web_plugins:
    dependency: transitive
    description: flutter
    source: sdk
    version: "0.0.0"
  get:
    dependency: "direct main"
    description:
      name: get
      sha256: e4e7335ede17452b391ed3b2ede016545706c01a02292a6c97619705e7d2a85e
      url: "https://pub.flutter-io.cn"
    source: hosted
    version: "4.6.6"
  get_it:
    dependency: transitive
    description:
      name: get_it
      sha256: d85128a5dae4ea777324730dc65edd9c9f43155c109d5cc0a69cab74139fbac1
      url: "https://pub.flutter-io.cn"
    source: hosted
    version: "7.7.0"
  html:
    dependency: transitive
    description:
      name: html
      sha256: "1fc58edeaec4307368c60d59b7e15b9d658b57d7f3125098b6294153c75337ec"
      url: "https://pub.flutter-io.cn"
    source: hosted
    version: "0.15.5"
  http:
    dependency: transitive
    description:
      name: http
      sha256: b9c29a161230ee03d3ccf545097fccd9b87a5264228c5d348202e0f0c28f9010
      url: "https://pub.flutter-io.cn"
    source: hosted
    version: "1.2.2"
  http_parser:
    dependency: transitive
    description:
      name: http_parser
      sha256: "2aa08ce0341cc9b354a498388e30986515406668dbcc4f7c950c3e715496693b"
      url: "https://pub.flutter-io.cn"
    source: hosted
    version: "4.0.2"
  image:
    dependency: transitive
    description:
      name: image
      sha256: f31d52537dc417fdcde36088fdf11d191026fd5e4fae742491ebd40e5a8bea7d
      url: "https://pub.flutter-io.cn"
    source: hosted
    version: "4.3.0"
  image_picker:
    dependency: "direct main"
    description:
      name: image_picker
      sha256: "021834d9c0c3de46bf0fe40341fa07168407f694d9b2bb18d532dc1261867f7a"
      url: "https://pub.flutter-io.cn"
    source: hosted
    version: "1.1.2"
  image_picker_android:
    dependency: transitive
    description:
      name: image_picker_android
      sha256: "8c5abf0dcc24fe6e8e0b4a5c0b51a5cf30cefdf6407a3213dae61edc75a70f56"
      url: "https://pub.flutter-io.cn"
    source: hosted
    version: "0.8.12+12"
  image_picker_for_web:
    dependency: transitive
    description:
      name: image_picker_for_web
      sha256: "717eb042ab08c40767684327be06a5d8dbb341fe791d514e4b92c7bbe1b7bb83"
      url: "https://pub.flutter-io.cn"
    source: hosted
    version: "3.0.6"
  image_picker_ios:
    dependency: transitive
    description:
      name: image_picker_ios
      sha256: "4f0568120c6fcc0aaa04511cb9f9f4d29fc3d0139884b1d06be88dcec7641d6b"
      url: "https://pub.flutter-io.cn"
    source: hosted
    version: "0.8.12+1"
  image_picker_linux:
    dependency: transitive
    description:
      name: image_picker_linux
      sha256: "4ed1d9bb36f7cd60aa6e6cd479779cc56a4cb4e4de8f49d487b1aaad831300fa"
      url: "https://pub.flutter-io.cn"
    source: hosted
    version: "0.2.1+1"
  image_picker_macos:
    dependency: transitive
    description:
      name: image_picker_macos
      sha256: "3f5ad1e8112a9a6111c46d0b57a7be2286a9a07fc6e1976fdf5be2bd31d4ff62"
      url: "https://pub.flutter-io.cn"
    source: hosted
    version: "0.2.1+1"
  image_picker_platform_interface:
    dependency: transitive
    description:
      name: image_picker_platform_interface
      sha256: "9ec26d410ff46f483c5519c29c02ef0e02e13a543f882b152d4bfd2f06802f80"
      url: "https://pub.flutter-io.cn"
    source: hosted
    version: "2.10.0"
  image_picker_windows:
    dependency: transitive
    description:
      name: image_picker_windows
      sha256: "6ad07afc4eb1bc25f3a01084d28520496c4a3bb0cb13685435838167c9dcedeb"
      url: "https://pub.flutter-io.cn"
    source: hosted
    version: "0.2.1+1"
  infinite_scroll_pagination:
    dependency: "direct main"
    description:
      name: infinite_scroll_pagination
      sha256: "4047eb8191e8b33573690922a9e995af64c3949dc87efc844f936b039ea279df"
      url: "https://pub.flutter-io.cn"
    source: hosted
    version: "4.1.0"
  intl:
    dependency: "direct main"
    description:
      name: intl
      sha256: d6f56758b7d3014a48af9701c085700aac781a92a87a62b1333b46d8879661cf
      url: "https://pub.flutter-io.cn"
    source: hosted
    version: "0.19.0"
  leak_tracker:
    dependency: transitive
    description:
      name: leak_tracker
      sha256: c35baad643ba394b40aac41080300150a4f08fd0fd6a10378f8f7c6bc161acec
      url: "https://pub.flutter-io.cn"
    source: hosted
    version: "10.0.8"
  leak_tracker_flutter_testing:
    dependency: transitive
    description:
      name: leak_tracker_flutter_testing
      sha256: f8b613e7e6a13ec79cfdc0e97638fddb3ab848452eff057653abd3edba760573
      url: "https://pub.flutter-io.cn"
    source: hosted
    version: "3.0.9"
  leak_tracker_testing:
    dependency: transitive
    description:
      name: leak_tracker_testing
      sha256: "6ba465d5d76e67ddf503e1161d1f4a6bc42306f9d66ca1e8f079a47290fb06d3"
      url: "https://pub.flutter-io.cn"
    source: hosted
    version: "3.0.1"
  lints:
    dependency: transitive
    description:
      name: lints
      sha256: c35bb79562d980e9a453fc715854e1ed39e24e7d0297a880ef54e17f9874a9d7
      url: "https://pub.flutter-io.cn"
    source: hosted
    version: "5.1.1"
  lpinyin:
    dependency: transitive
    description:
      name: lpinyin
      sha256: "0bb843363f1f65170efd09fbdfc760c7ec34fc6354f9fcb2f89e74866a0d814a"
      url: "https://pub.flutter-io.cn"
    source: hosted
    version: "2.0.3"
  matcher:
    dependency: transitive
    description:
      name: matcher
      sha256: dc58c723c3c24bf8d3e2d3ad3f2f9d7bd9cf43ec6feaa64181775e60190153f2
      url: "https://pub.flutter-io.cn"
    source: hosted
    version: "0.12.17"
  material_color_utilities:
    dependency: transitive
    description:
      name: material_color_utilities
      sha256: f7142bb1154231d7ea5f96bc7bde4bda2a0945d2806bb11670e30b850d56bdec
      url: "https://pub.flutter-io.cn"
    source: hosted
    version: "0.11.1"
  meta:
    dependency: transitive
    description:
      name: meta
      sha256: e3641ec5d63ebf0d9b41bd43201a66e3fc79a65db5f61fc181f04cd27aab950c
      url: "https://pub.flutter-io.cn"
    source: hosted
    version: "1.16.0"
  mime:
    dependency: transitive
    description:
      name: mime
      sha256: "41a20518f0cb1256669420fdba0cd90d21561e560ac240f26ef8322e45bb7ed6"
      url: "https://pub.flutter-io.cn"
    source: hosted
    version: "2.0.0"
  msix:
    dependency: "direct dev"
    description:
      name: msix
      sha256: c50d6bd1aafe0d071a3c1e5a5ccb056404502935cb0a549e3178c4aae16caf33
      url: "https://pub.flutter-io.cn"
    source: hosted
    version: "3.16.8"
  package_config:
    dependency: transitive
    description:
      name: package_config
      sha256: "1c5b77ccc91e4823a5af61ee74e6b972db1ef98c2ff5a18d3161c982a55448bd"
      url: "https://pub.flutter-io.cn"
    source: hosted
    version: "2.1.0"
  parchment:
    dependency: transitive
    description:
      name: parchment
      sha256: a7b4ae5bc7fcfe29909840246d824651315b09cae2176708f86c6ce7f8236019
      url: "https://pub.flutter-io.cn"
    source: hosted
    version: "1.19.0"
  parchment_delta:
    dependency: transitive
    description:
      name: parchment_delta
      sha256: "8b360d0138eb591c7fe193670e2d05466e482792af9c5b4d3f568c5c61530f08"
      url: "https://pub.flutter-io.cn"
    source: hosted
    version: "1.0.0"
  path:
    dependency: transitive
    description:
      name: path
      sha256: "75cca69d1490965be98c73ceaea117e8a04dd21217b37b292c9ddbec0d955bc5"
      url: "https://pub.flutter-io.cn"
    source: hosted
    version: "1.9.1"
  path_provider_linux:
    dependency: transitive
    description:
      name: path_provider_linux
      sha256: f7a1fe3a634fe7734c8d3f2766ad746ae2a2884abe22e241a8b301bf5cac3279
      url: "https://pub.flutter-io.cn"
    source: hosted
    version: "2.2.1"
  path_provider_platform_interface:
    dependency: transitive
    description:
      name: path_provider_platform_interface
      sha256: "88f5779f72ba699763fa3a3b06aa4bf6de76c8e5de842cf6f29e2e06476c2334"
      url: "https://pub.flutter-io.cn"
    source: hosted
    version: "2.1.2"
  path_provider_windows:
    dependency: transitive
    description:
      name: path_provider_windows
      sha256: bd6f00dbd873bfb70d0761682da2b3a2c2fccc2b9e84c495821639601d81afe7
      url: "https://pub.flutter-io.cn"
    source: hosted
    version: "2.3.0"
  petitparser:
    dependency: transitive
    description:
      name: petitparser
      sha256: c15605cd28af66339f8eb6fbe0e541bfe2d1b72d5825efc6598f3e0a31b9ad27
      url: "https://pub.flutter-io.cn"
    source: hosted
    version: "6.0.2"
  platform:
    dependency: transitive
    description:
      name: platform
      sha256: "5d6b1b0036a5f331ebc77c850ebc8506cbc1e9416c27e59b439f917a902a4984"
      url: "https://pub.flutter-io.cn"
    source: hosted
    version: "3.1.6"
  plugin_platform_interface:
    dependency: transitive
    description:
      name: plugin_platform_interface
      sha256: "4820fbfdb9478b1ebae27888254d445073732dae3d6ea81f0b7e06d5dedc3f02"
      url: "https://pub.flutter-io.cn"
    source: hosted
    version: "2.1.8"
  pub_semver:
    dependency: transitive
    description:
      name: pub_semver
      sha256: "40d3ab1bbd474c4c2328c91e3a7df8c6dd629b79ece4c4bd04bee496a224fb0c"
      url: "https://pub.flutter-io.cn"
    source: hosted
    version: "2.1.4"
  quiver:
    dependency: transitive
    description:
      name: quiver
      sha256: ea0b925899e64ecdfbf9c7becb60d5b50e706ade44a85b2363be2a22d88117d2
      url: "https://pub.flutter-io.cn"
    source: hosted
    version: "3.2.2"
  scrollable_positioned_list:
    dependency: transitive
    description:
      name: scrollable_positioned_list
      sha256: "1b54d5f1329a1e263269abc9e2543d90806131aa14fe7c6062a8054d57249287"
      url: "https://pub.flutter-io.cn"
    source: hosted
    version: "0.3.8"
  shared_preferences:
    dependency: "direct main"
    description:
      name: shared_preferences
      sha256: "95f9997ca1fb9799d494d0cb2a780fd7be075818d59f00c43832ed112b158a82"
      url: "https://pub.flutter-io.cn"
    source: hosted
    version: "2.3.3"
  shared_preferences_android:
    dependency: transitive
    description:
      name: shared_preferences_android
      sha256: "480ba4345773f56acda9abf5f50bd966f581dac5d514e5fc4a18c62976bbba7e"
      url: "https://pub.flutter-io.cn"
    source: hosted
    version: "2.3.2"
  shared_preferences_foundation:
    dependency: transitive
    description:
      name: shared_preferences_foundation
      sha256: "07e050c7cd39bad516f8d64c455f04508d09df104be326d8c02551590a0d513d"
      url: "https://pub.flutter-io.cn"
    source: hosted
    version: "2.5.3"
  shared_preferences_linux:
    dependency: transitive
    description:
      name: shared_preferences_linux
      sha256: "580abfd40f415611503cae30adf626e6656dfb2f0cee8f465ece7b6defb40f2f"
      url: "https://pub.flutter-io.cn"
    source: hosted
    version: "2.4.1"
  shared_preferences_platform_interface:
    dependency: transitive
    description:
      name: shared_preferences_platform_interface
      sha256: "57cbf196c486bc2cf1f02b85784932c6094376284b3ad5779d1b1c6c6a816b80"
      url: "https://pub.flutter-io.cn"
    source: hosted
    version: "2.4.1"
  shared_preferences_web:
    dependency: transitive
    description:
      name: shared_preferences_web
      sha256: d2ca4132d3946fec2184261726b355836a82c33d7d5b67af32692aff18a4684e
      url: "https://pub.flutter-io.cn"
    source: hosted
    version: "2.4.2"
  shared_preferences_windows:
    dependency: transitive
    description:
      name: shared_preferences_windows
      sha256: "94ef0f72b2d71bc3e700e025db3710911bd51a71cefb65cc609dd0d9a982e3c1"
      url: "https://pub.flutter-io.cn"
    source: hosted
    version: "2.4.1"
  sky_engine:
    dependency: transitive
    description: flutter
    source: sdk
    version: "0.0.0"
  sliver_tools:
    dependency: transitive
    description:
      name: sliver_tools
      sha256: eae28220badfb9d0559207badcbbc9ad5331aac829a88cb0964d330d2a4636a6
      url: "https://pub.flutter-io.cn"
    source: hosted
    version: "0.2.12"
  source_span:
    dependency: transitive
    description:
      name: source_span
      sha256: "254ee5351d6cb365c859e20ee823c3bb479bf4a293c22d17a9f1bf144ce86f7c"
      url: "https://pub.flutter-io.cn"
    source: hosted
    version: "1.10.1"
  stack_trace:
    dependency: transitive
    description:
      name: stack_trace
      sha256: "8b27215b45d22309b5cddda1aa2b19bdfec9df0e765f2de506401c071d38d1b1"
      url: "https://pub.flutter-io.cn"
    source: hosted
    version: "1.12.1"
  stream_channel:
    dependency: transitive
    description:
      name: stream_channel
      sha256: "969e04c80b8bcdf826f8f16579c7b14d780458bd97f56d107d3950fdbeef059d"
      url: "https://pub.flutter-io.cn"
    source: hosted
    version: "2.1.4"
  string_scanner:
    dependency: transitive
    description:
      name: string_scanner
      sha256: "921cd31725b72fe181906c6a94d987c78e3b98c2e205b397ea399d4054872b43"
      url: "https://pub.flutter-io.cn"
    source: hosted
    version: "1.4.1"
  term_glyph:
    dependency: transitive
    description:
      name: term_glyph
      sha256: "7f554798625ea768a7518313e58f83891c7f5024f88e46e7182a4558850a4b8e"
      url: "https://pub.flutter-io.cn"
    source: hosted
    version: "1.2.2"
  test_api:
    dependency: transitive
    description:
      name: test_api
      sha256: fb31f383e2ee25fbbfe06b40fe21e1e458d14080e3c67e7ba0acfde4df4e0bbd
      url: "https://pub.flutter-io.cn"
    source: hosted
    version: "0.7.4"
  typed_data:
    dependency: transitive
    description:
      name: typed_data
      sha256: facc8d6582f16042dd49f2463ff1bd6e2c9ef9f3d5da3d9b087e244a7b564b3c
      url: "https://pub.flutter-io.cn"
    source: hosted
    version: "1.3.2"
  url_launcher:
    dependency: "direct main"
    description:
      name: url_launcher
      sha256: "9d06212b1362abc2f0f0d78e6f09f726608c74e3b9462e8368bb03314aa8d603"
      url: "https://pub.flutter-io.cn"
    source: hosted
    version: "6.3.1"
  url_launcher_android:
    dependency: transitive
    description:
      name: url_launcher_android
      sha256: f0c73347dfcfa5b3db8bc06e1502668265d39c08f310c29bff4e28eea9699f79
      url: "https://pub.flutter-io.cn"
    source: hosted
    version: "6.3.9"
  url_launcher_ios:
    dependency: transitive
    description:
      name: url_launcher_ios
      sha256: e43b677296fadce447e987a2f519dcf5f6d1e527dc35d01ffab4fff5b8a7063e
      url: "https://pub.flutter-io.cn"
    source: hosted
    version: "6.3.1"
  url_launcher_linux:
    dependency: transitive
    description:
      name: url_launcher_linux
      sha256: "4e9ba368772369e3e08f231d2301b4ef72b9ff87c31192ef471b380ef29a4935"
      url: "https://pub.flutter-io.cn"
    source: hosted
    version: "3.2.1"
  url_launcher_macos:
    dependency: transitive
    description:
      name: url_launcher_macos
      sha256: "769549c999acdb42b8bcfa7c43d72bf79a382ca7441ab18a808e101149daf672"
      url: "https://pub.flutter-io.cn"
    source: hosted
    version: "3.2.1"
  url_launcher_platform_interface:
    dependency: transitive
    description:
      name: url_launcher_platform_interface
      sha256: "552f8a1e663569be95a8190206a38187b531910283c3e982193e4f2733f01029"
      url: "https://pub.flutter-io.cn"
    source: hosted
    version: "2.3.2"
  url_launcher_web:
    dependency: transitive
    description:
      name: url_launcher_web
      sha256: "772638d3b34c779ede05ba3d38af34657a05ac55b06279ea6edd409e323dca8e"
      url: "https://pub.flutter-io.cn"
    source: hosted
    version: "2.3.3"
  url_launcher_windows:
    dependency: transitive
    description:
      name: url_launcher_windows
      sha256: "44cf3aabcedde30f2dba119a9dea3b0f2672fbe6fa96e85536251d678216b3c4"
      url: "https://pub.flutter-io.cn"
    source: hosted
    version: "3.1.3"
  vector_math:
    dependency: transitive
    description:
      name: vector_math
      sha256: "80b3257d1492ce4d091729e3a67a60407d227c27241d6927be0130c98e741803"
      url: "https://pub.flutter-io.cn"
    source: hosted
    version: "2.1.4"
  video_player:
    dependency: "direct main"
    description:
      name: video_player
      sha256: "4a8c3492d734f7c39c2588a3206707a05ee80cef52e8c7f3b2078d430c84bc17"
      url: "https://pub.flutter-io.cn"
    source: hosted
    version: "2.9.2"
  video_player_android:
    dependency: transitive
    description:
      name: video_player_android
      sha256: e343701aa890b74a863fa460f5c0e628127ed06a975d7d9af6b697133fb25bdf
      url: "https://pub.flutter-io.cn"
    source: hosted
    version: "2.7.1"
  video_player_avfoundation:
    dependency: transitive
    description:
      name: video_player_avfoundation
      sha256: "0b146e5d82e886ff43e5a46c6bcbe390761b802864a6e2503eb612d69a405dfa"
      url: "https://pub.flutter-io.cn"
    source: hosted
    version: "2.6.3"
  video_player_platform_interface:
    dependency: transitive
    description:
      name: video_player_platform_interface
      sha256: "229d7642ccd9f3dc4aba169609dd6b5f3f443bb4cc15b82f7785fcada5af9bbb"
      url: "https://pub.flutter-io.cn"
    source: hosted
    version: "6.2.3"
  video_player_web:
    dependency: transitive
    description:
      name: video_player_web
      sha256: "881b375a934d8ebf868c7fb1423b2bfaa393a0a265fa3f733079a86536064a10"
      url: "https://pub.flutter-io.cn"
    source: hosted
    version: "2.3.3"
  video_player_win:
    dependency: "direct main"
    description:
      name: video_player_win
      sha256: e7b92ae1050086f9be3787eba1fbecbea278b59453cb3589263daa0c62772a88
      url: "https://pub.flutter-io.cn"
    source: hosted
    version: "2.3.11"
  vm_service:
    dependency: transitive
    description:
      name: vm_service
      sha256: "0968250880a6c5fe7edc067ed0a13d4bae1577fe2771dcf3010d52c4a9d3ca14"
      url: "https://pub.flutter-io.cn"
    source: hosted
    version: "14.3.1"
  web:
    dependency: transitive
    description:
      name: web
      sha256: cd3543bd5798f6ad290ea73d210f423502e71900302dde696f8bff84bf89a1cb
      url: "https://pub.flutter-io.cn"
    source: hosted
    version: "1.1.0"
  xdg_directories:
    dependency: transitive
    description:
      name: xdg_directories
      sha256: "7a3f37b05d989967cdddcbb571f1ea834867ae2faa29725fd085180e0883aa15"
      url: "https://pub.flutter-io.cn"
    source: hosted
    version: "1.1.0"
  xml:
    dependency: transitive
    description:
      name: xml
      sha256: b015a8ad1c488f66851d762d3090a21c600e479dc75e68328c52774040cf9226
      url: "https://pub.flutter-io.cn"
    source: hosted
    version: "6.5.0"
  yaml:
    dependency: transitive
    description:
      name: yaml
      sha256: "75769501ea3489fca56601ff33454fe45507ea3bfb014161abc3b43ae25989d5"
      url: "https://pub.flutter-io.cn"
    source: hosted
    version: "3.1.2"
sdks:
  dart: ">=3.7.0 <4.0.0"
  flutter: ">=3.22.0"
